schema: '2.0'
stages:
  data_ingestion:
    cmd: python src/cnnClassifier/pipeline/stage_01_data_ingestion.py
    deps:
    - path: config/config.yaml
      hash: md5
      md5: ba2a848cbdcee922b28079a007d682d0
      size: 847
    - path: src/cnnClassifier/pipeline/stage_01_data_ingestion.py
      hash: md5
      md5: e11a6413644f69f13ecf677e1c68f7e5
      size: 912
    outs:
    - path: artifacts/data_ingestion/CT-KIDNEY-DATASET-Normal-Cyst-Tumor-Stone
      hash: md5
      md5: 480f02db6967e2017d804fca0430c1a4.dir
      size: 1661580918
      nfiles: 12446
  prepare_base_model:
    cmd: python src/cnnClassifier/pipeline/stage_02_prepare_base_model.py
    deps:
    - path: config/config.yaml
      hash: md5
      md5: ba2a848cbdcee922b28079a007d682d0
      size: 847
    - path: src/cnnClassifier/pipeline/stage_02_prepare_base_model.py
      hash: md5
      md5: 173747a6cd1d70e8304fea3c83978354
      size: 987
    params:
      params.yaml:
        CLASSES: 4
        IMAGE_SIZE:
        - 224
        - 224
        - 3
        INCLUDE_TOP: false
        LEARNING_RATE: 0.01
        WEIGHTS: IMAGENET1K_V1
    outs:
    - path: artifacts/prepare_base_model/
      hash: md5
      md5: bd134e8662d27041d94bd3f6b0f5dca6.dir
      size: 188793050
      nfiles: 2
  training:
    cmd: python src/cnnClassifier/pipeline/stage_03_training.py
    deps:
    - path: artifacts/data_ingestion/CT-KIDNEY-DATASET-Normal-Cyst-Tumor-Stone
      hash: md5
      md5: 480f02db6967e2017d804fca0430c1a4.dir
      size: 1661580918
      nfiles: 12446
    - path: artifacts/prepare_base_model
      hash: md5
      md5: bd134e8662d27041d94bd3f6b0f5dca6.dir
      size: 188793050
      nfiles: 2
    - path: config/config.yaml
      hash: md5
      md5: ba2a848cbdcee922b28079a007d682d0
      size: 847
    - path: src/cnnClassifier/pipeline/stage_03_training.py
      hash: md5
      md5: 99a8fbac89e676a8c0529becdaf07bcc
      size: 860
    params:
      params.yaml:
        AUGMENTATION: true
        BATCH_SIZE: 16
        EARLY_STOPPING_PATIENCE: 5
        EPOCHS: 25
        IMAGE_SIZE:
        - 224
        - 224
        - 3
        LEARNING_RATE: 0.01
        RANDOM_STATE: 42
    outs:
    - path: artifacts/training/best_model.pth
      hash: md5
      md5: 22374eea76e8e48ffa4849e2159b67aa
      size: 94411966
    - path: artifacts/training/last_model.pth
      hash: md5
      md5: d3e49b1ad9d93cc8a55d7ff2e6d94434
      size: 94411966
  evaluation:
    cmd: python src/cnnClassifier/pipeline/stage_04_evaluation.py
    deps:
    - path: artifacts/data_ingestion/CT-KIDNEY-DATASET-Normal-Cyst-Tumor-Stone
      hash: md5
      md5: 480f02db6967e2017d804fca0430c1a4.dir
      size: 1661580918
      nfiles: 12446
    - path: artifacts/training/best_model.pth
      hash: md5
      md5: 22374eea76e8e48ffa4849e2159b67aa
      size: 94411966
    - path: artifacts/training/last_model.pth
      hash: md5
      md5: d3e49b1ad9d93cc8a55d7ff2e6d94434
      size: 94411966
    - path: config/config.yaml
      hash: md5
      md5: ba2a848cbdcee922b28079a007d682d0
      size: 847
    - path: src/cnnClassifier/pipeline/stage_04_evaluation.py
      hash: md5
      md5: 37055acd3d7e22f06fbb8566084f40f7
      size: 810
    params:
      params.yaml:
        BATCH_SIZE: 16
        IMAGE_SIZE:
        - 224
        - 224
        - 3
        RANDOM_STATE: 42
    outs:
    - path: scores.json
      hash: md5
      md5: 278b5ffad61c66c656b5f2f4c626efe5
      size: 177
